// !$*UTF8*$!
{
	archiveVersion = 1;
	classes = {
	};
	objectVersion = 50;
	objects = {

/* Begin PBXBuildFile section */
		73CAE7A02354DCEF0030A788 /* AppDelegate.swift in Sources */ = {isa = PBXBuildFile; fileRef = 73CAE79F2354DCEF0030A788 /* AppDelegate.swift */; };
		73CAE7A22354DCEF0030A788 /* SceneDelegate.swift in Sources */ = {isa = PBXBuildFile; fileRef = 73CAE7A12354DCEF0030A788 /* SceneDelegate.swift */; };
		73CAE7A42354DCEF0030A788 /* ViewController.swift in Sources */ = {isa = PBXBuildFile; fileRef = 73CAE7A32354DCEF0030A788 /* ViewController.swift */; };
		73CAE7A72354DCEF0030A788 /* Main.storyboard in Resources */ = {isa = PBXBuildFile; fileRef = 73CAE7A52354DCEF0030A788 /* Main.storyboard */; };
		73CAE7A92354DCF10030A788 /* Assets.xcassets in Resources */ = {isa = PBXBuildFile; fileRef = 73CAE7A82354DCF10030A788 /* Assets.xcassets */; };
		73CAE7AC2354DCF10030A788 /* LaunchScreen.storyboard in Resources */ = {isa = PBXBuildFile; fileRef = 73CAE7AA2354DCF10030A788 /* LaunchScreen.storyboard */; };
		73CAE7B7235621930030A788 /* DogAPI.swift in Sources */ = {isa = PBXBuildFile; fileRef = 73CAE7B6235621930030A788 /* DogAPI.swift */; };
		73CAE7B9235622970030A788 /* DogData.swift in Sources */ = {isa = PBXBuildFile; fileRef = 73CAE7B8235622970030A788 /* DogData.swift */; };
/* End PBXBuildFile section */

/* Begin PBXFileReference section */
		73CAE79C2354DCEF0030A788 /* TheDogApp.app */ = {isa = PBXFileReference; explicitFileType = wrapper.application; includeInIndex = 0; path = TheDogApp.app; sourceTree = BUILT_PRODUCTS_DIR; };
		73CAE79F2354DCEF0030A788 /* AppDelegate.swift */ = {isa = PBXFileReference; lastKnownFileType = sourcecode.swift; path = AppDelegate.swift; sourceTree = "<group>"; };
		73CAE7A12354DCEF0030A788 /* SceneDelegate.swift */ = {isa = PBXFileReference; lastKnownFileType = sourcecode.swift; path = SceneDelegate.swift; sourceTree = "<group>"; };
		73CAE7A32354DCEF0030A788 /* ViewController.swift */ = {isa = PBXFileReference; lastKnownFileType = sourcecode.swift; path = ViewController.swift; sourceTree = "<group>"; };
		73CAE7A62354DCEF0030A788 /* Base */ = {isa = PBXFileReference; lastKnownFileType = file.storyboard; name = Base; path = Base.lproj/Main.storyboard; sourceTree = "<group>"; };
		73CAE7A82354DCF10030A788 /* Assets.xcassets */ = {isa = PBXFileReference; lastKnownFileType = folder.assetcatalog; path = Assets.xcassets; sourceTree = "<group>"; };
		73CAE7AB2354DCF10030A788 /* Base */ = {isa = PBXFileReference; lastKnownFileType = file.storyboard; name = Base; path = Base.lproj/LaunchScreen.storyboard; sourceTree = "<group>"; };
		73CAE7AD2354DCF10030A788 /* Info.plist */ = {isa = PBXFileReference; lastKnownFileType = text.plist.xml; path = Info.plist; sourceTree = "<group>"; };
		73CAE7B6235621930030A788 /* DogAPI.swift */ = {isa = PBXFileReference; lastKnownFileType = sourcecode.swift; path = DogAPI.swift; sourceTree = "<group>"; };
		73CAE7B8235622970030A788 /* DogData.swift */ = {isa = PBXFileReference; lastKnownFileType = sourcecode.swift; path = DogData.swift; sourceTree = "<group>"; };
/* End PBXFileReference section */

/* Begin PBXFrameworksBuildPhase section */
		73CAE7992354DCEF0030A788 /* Frameworks */ = {
			isa = PBXFrameworksBuildPhase;
			buildActionMask = 2147483647;
			files = (
			);
			runOnlyForDeploymentPostprocessing = 0;
		};
/* End PBXFrameworksBuildPhase section */

/* Begin PBXGroup section */
		73CAE7932354DCEF0030A788 = {
			isa = PBXGroup;
			children = (
				73CAE79E2354DCEF0030A788 /* TheDogApp */,
				73CAE79D2354DCEF0030A788 /* Products */,
			);
			sourceTree = "<group>";
		};
		73CAE79D2354DCEF0030A788 /* Products */ = {
			isa = PBXGroup;
			children = (
				73CAE79C2354DCEF0030A788 /* TheDogApp.app */,
			);
			name = Products;
			sourceTree = "<group>";
		};
		73CAE79E2354DCEF0030A788 /* TheDogApp */ = {
			isa = PBXGroup;
			children = (
				73CAE7B5235621320030A788 /* Model */,
				73CAE7B4235621200030A788 /* Controller */,
				73CAE7B3235620880030A788 /* View */,
				73CAE7AD2354DCF10030A788 /* Info.plist */,
			);
			path = TheDogApp;
			sourceTree = "<group>";
		};
		73CAE7B3235620880030A788 /* View */ = {
			isa = PBXGroup;
			children = (
				73CAE7A52354DCEF0030A788 /* Main.storyboard */,
				73CAE7A82354DCF10030A788 /* Assets.xcassets */,
				73CAE7AA2354DCF10030A788 /* LaunchScreen.storyboard */,
			);
			path = View;
			sourceTree = "<group>";
		};
		73CAE7B4235621200030A788 /* Controller */ = {
			isa = PBXGroup;
			children = (
				73CAE79F2354DCEF0030A788 /* AppDelegate.swift */,
				73CAE7A12354DCEF0030A788 /* SceneDelegate.swift */,
				73CAE7A32354DCEF0030A788 /* ViewController.swift */,
			);
			path = Controller;
			sourceTree = "<group>";
		};
		73CAE7B5235621320030A788 /* Model */ = {
			isa = PBXGroup;
			children = (
				73CAE7B6235621930030A788 /* DogAPI.swift */,
				73CAE7B8235622970030A788 /* DogData.swift */,
			);
			path = Model;
			sourceTree = "<group>";
		};
/* End PBXGroup section */

/* Begin PBXNativeTarget section */
		73CAE79B2354DCEF0030A788 /* TheDogApp */ = {
			isa = PBXNativeTarget;
			buildConfigurationList = 73CAE7B02354DCF10030A788 /* Build configuration list for PBXNativeTarget "TheDogApp" */;
			buildPhases = (
				73CAE7982354DCEF0030A788 /* Sources */,
				73CAE7992354DCEF0030A788 /* Frameworks */,
				73CAE79A2354DCEF0030A788 /* Resources */,
			);
			buildRules = (
			);
			dependencies = (
			);
			name = TheDogApp;
			productName = TheDogApp;
			productReference = 73CAE79C2354DCEF0030A788 /* TheDogApp.app */;
			productType = "com.apple.product-type.application";
		};
/* End PBXNativeTarget section */

/* Begin PBXProject section */
		73CAE7942354DCEF0030A788 /* Project object */ = {
			isa = PBXProject;
			attributes = {
				LastSwiftUpdateCheck = 1110;
				LastUpgradeCheck = 1110;
				ORGANIZATIONNAME = Mohammed;
				TargetAttributes = {
					73CAE79B2354DCEF0030A788 = {
						CreatedOnToolsVersion = 11.1;
					};
				};
			};
			buildConfigurationList = 73CAE7972354DCEF0030A788 /* Build configuration list for PBXProject "TheDogApp" */;
			compatibilityVersion = "Xcode 9.3";
			developmentRegion = en;
			hasScannedForEncodings = 0;
			knownRegions = (
				en,
				Base,
			);
			mainGroup = 73CAE7932354DCEF0030A788;
			productRefGroup = 73CAE79D2354DCEF0030A788 /* Products */;
			projectDirPath = "";
			projectRoot = "";
			targets = (
				73CAE79B2354DCEF0030A788 /* TheDogApp */,
			);
		};
/* End PBXProject section */

/* Begin PBXResourcesBuildPhase section */
		73CAE79A2354DCEF0030A788 /* Resources */ = {
			isa = PBXResourcesBuildPhase;
			buildActionMask = 2147483647;
			files = (
				73CAE7AC2354DCF10030A788 /* LaunchScreen.storyboard in Resources */,
				73CAE7A92354DCF10030A788 /* Assets.xcassets in Resources */,
				73CAE7A72354DCEF0030A788 /* Main.storyboard in Resources */,
			);
			runOnlyForDeploymentPostprocessing = 0;
		};
/* End PBXResourcesBuildPhase section */

/* Begin PBXSourcesBuildPhase section */
		73CAE7982354DCEF0030A788 /* Sources */ = {
			isa = PBXSourcesBuildPhase;
			buildActionMask = 2147483647;
			files = (
				73CAE7A42354DCEF0030A788 /* ViewController.swift in Sources */,
				73CAE7A02354DCEF0030A788 /* AppDelegate.swift in Sources */,
				73CAE7B9235622970030A788 /* DogData.swift in Sources */,
				73CAE7A22354DCEF0030A788 /* SceneDelegate.swift in Sources */,
				73CAE7B7235621930030A788 /* DogAPI.swift in Sources */,
			);
			runOnlyForDeploymentPostprocessing = 0;
		};
/* End PBXSourcesBuildPhase section */

/* Begin PBXVariantGroup section */
		73CAE7A52354DCEF0030A788 /* Main.storyboard */ = {
			isa = PBXVariantGroup;
			children = (
				73CAE7A62354DCEF0030A788 /* Base */,
			);
			name = Main.storyboard;
			sourceTree = "<group>";
		};
		73CAE7AA2354DCF10030A788 /* LaunchScreen.storyboard */ = {
			isa = PBXVariantGroup;
			children = (
				73CAE7AB2354DCF10030A788 /* Base */,
			);
			name = LaunchScreen.storyboard;
			sourceTree = "<group>";
		};
/* End PBXVariantGroup section */

/* Begin XCBuildConfiguration section */
		73CAE7AE2354DCF10030A788 /* Debug */ = {
			isa = XCBuildConfiguration;
			buildSettings = {
				ALWAYS_SEARCH_USER_PATHS = NO;
				CLANG_ANALYZER_NONNULL = YES;
				CLANG_ANALYZER_NUMBER_OBJECT_CONVERSION = YES_AGGRESSIVE;
				CLANG_CXX_LANGUAGE_STANDARD = "gnu++14";
				CLANG_CXX_LIBRARY = "libc++";
				CLANG_ENABLE_MODULES = YES;
				CLANG_ENABLE_OBJC_ARC = YES;
				CLANG_ENABLE_OBJC_WEAK = YES;
				CLANG_WARN_BLOCK_CAPTURE_AUTORELEASING = YES;
				CLANG_WARN_BOOL_CONVERSION = YES;
				CLANG_WARN_COMMA = YES;
				CLANG_WARN_CONSTANT_CONVERSION = YES;
				CLANG_WARN_DEPRECATED_OBJC_IMPLEMENTATIONS = YES;
				CLANG_WARN_DIRECT_OBJC_ISA_USAGE = YES_ERROR;
				CLANG_WARN_DOCUMENTATION_COMMENTS = YES;
				CLANG_WARN_EMPTY_BODY = YES;
				CLANG_WARN_ENUM_CONVERSION = YES;
				CLANG_WARN_INFINITE_RECURSION = YES;
				CLANG_WARN_INT_CONVERSION = YES;
				CLANG_WARN_NON_LITERAL_NULL_CONVERSION = YES;
				CLANG_WARN_OBJC_IMPLICIT_RETAIN_SELF = YES;
				CLANG_WARN_OBJC_LITERAL_CONVERSION = YES;
				CLANG_WARN_OBJC_ROOT_CLASS = YES_ERROR;
				CLANG_WARN_RANGE_LOOP_ANALYSIS = YES;
				CLANG_WARN_STRICT_PROTOTYPES = YES;
				CLANG_WARN_SUSPICIOUS_MOVE = YES;
				CLANG_WARN_UNGUARDED_AVAILABILITY = YES_AGGRESSIVE;
				CLANG_WARN_UNREACHABLE_CODE = YES;
				CLANG_WARN__DUPLICATE_METHOD_MATCH = YES;
				COPY_PHASE_STRIP = NO;
				DEBUG_INFORMATION_FORMAT = dwarf;
				ENABLE_STRICT_OBJC_MSGSEND = YES;
				ENABLE_TESTABILITY = YES;
				GCC_C_LANGUAGE_STANDARD = gnu11;
				GCC_DYNAMIC_NO_PIC = NO;
				GCC_NO_COMMON_BLOCKS = YES;
				GCC_OPTIMIZATION_LEVEL = 0;
				GCC_PREPROCESSOR_DEFINITIONS = (
					"DEBUG=1",
					"$(inherited)",
				);
				GCC_WARN_64_TO_32_BIT_CONVERSION = YES;
				GCC_WARN_ABOUT_RETURN_TYPE = YES_ERROR;
				GCC_WARN_UNDECLARED_SELECTOR = YES;
				GCC_WARN_UNINITIALIZED_AUTOS = YES_AGGRESSIVE;
				GCC_WARN_UNUSED_FUNCTION = YES;
				GCC_WARN_UNUSED_VARIABLE = YES;
				IPHONEOS_DEPLOYMENT_TARGET = 13.1;
				MTL_ENABLE_DEBUG_INFO = INCLUDE_SOURCE;
				MTL_FAST_MATH = YES;
				ONLY_ACTIVE_ARCH = YES;
				SDKROOT = iphoneos;
				SWIFT_ACTIVE_COMPILATION_CONDITIONS = DEBUG;
				SWIFT_OPTIMIZATION_LEVEL = "-Onone";
			};
			name = Debug;
		};
		73CAE7AF2354DCF10030A788 /* Release */ = {
			isa = XCBuildConfiguration;
			buildSettings = {
				ALWAYS_SEARCH_USER_PATHS = NO;
				CLANG_ANALYZER_NONNULL = YES;
				CLANG_ANALYZER_NUMBER_OBJECT_CONVERSION = YES_AGGRESSIVE;
				CLANG_CXX_LANGUAGE_STANDARD = "gnu++14";
				CLANG_CXX_LIBRARY = "libc++";
				CLANG_ENABLE_MODULES = YES;
				CLANG_ENABLE_OBJC_ARC = YES;
				CLANG_ENABLE_OBJC_WEAK = YES;
				CLANG_WARN_BLOCK_CAPTURE_AUTORELEASING = YES;
				CLANG_WARN_BOOL_CONVERSION = YES;
				CLANG_WARN_COMMA = YES;
				CLANG_WARN_CONSTANT_CONVERSION = YES;
				CLANG_WARN_DEPRECATED_OBJC_IMPLEMENTATIONS = YES;
				CLANG_WARN_DIRECT_OBJC_ISA_USAGE = YES_ERROR;
				CLANG_WARN_DOCUMENTATION_COMMENTS = YES;
				CLANG_WARN_EMPTY_BODY = YES;
				CLANG_WARN_ENUM_CONVERSION = YES;
				CLANG_WARN_INFINITE_RECURSION = YES;
				CLANG_WARN_INT_CONVERSION = YES;
				CLANG_WARN_NON_LITERAL_NULL_CONVERSION = YES;
				CLANG_WARN_OBJC_IMPLICIT_RETAIN_SELF = YES;
				CLANG_WARN_OBJC_LITERAL_CONVERSION = YES;
				CLANG_WARN_OBJC_ROOT_CLASS = YES_ERROR;
				CLANG_WARN_RANGE_LOOP_ANALYSIS = YES;
				CLANG_WARN_STRICT_PROTOTYPES = YES;
				CLANG_WARN_SUSPICIOUS_MOVE = YES;
				CLANG_WARN_UNGUARDED_AVAILABILITY = YES_AGGRESSIVE;
				CLANG_WARN_UNREACHABLE_CODE = YES;
				CLANG_WARN__DUPLICATE_METHOD_MATCH = YES;
				COPY_PHASE_STRIP = NO;
				DEBUG_INFORMATION_FORMAT = "dwarf-with-dsym";
				ENABLE_NS_ASSERTIONS = NO;
				ENABLE_STRICT_OBJC_MSGSEND = YES;
				GCC_C_LANGUAGE_STANDARD = gnu11;
				GCC_NO_COMMON_BLOCKS = YES;
				GCC_WARN_64_TO_32_BIT_CONVERSION = YES;
				GCC_WARN_ABOUT_RETURN_TYPE = YES_ERROR;
				GCC_WARN_UNDECLARED_SELECTOR = YES;
				GCC_WARN_UNINITIALIZED_AUTOS = YES_AGGRESSIVE;
				GCC_WARN_UNUSED_FUNCTION = YES;
				GCC_WARN_UNUSED_VARIABLE = YES;
				IPHONEOS_DEPLOYMENT_TARGET = 13.1;
				MTL_ENABLE_DEBUG_INFO = NO;
				MTL_FAST_MATH = YES;
				SDKROOT = iphoneos;
				SWIFT_COMPILATION_MODE = wholemodule;
				SWIFT_OPTIMIZATION_LEVEL = "-O";
				VALIDATE_PRODUCT = YES;
			};
			name = Release;
		};
		73CAE7B12354DCF10030A788 /* Debug */ = {
			isa = XCBuildConfiguration;
			buildSettings = {
				ASSETCATALOG_COMPILER_APPICON_NAME = AppIcon;
				CODE_SIGN_STYLE = Automatic;
				DEVELOPMENT_TEAM = DC79VX4KR8;
				INFOPLIST_FILE = TheDogApp/Info.plist;
				LD_RUNPATH_SEARCH_PATHS = (
					"$(inherited)",
					"@executable_path/Frameworks",
				);
				PRODUCT_BUNDLE_IDENTIFIER = com.Mohammed.TheDogApp;
				PRODUCT_NAME = "$(TARGET_NAME)";
				SWIFT_VERSION = 5.0;
				TARGETED_DEVICE_FAMILY = "1,2";
			};
			name = Debug;
		};
		73CAE7B22354DCF10030A788 /* Release */ = {
			isa = XCBuildConfiguration;
			buildSettings = {
				ASSETCATALOG_COMPILER_APPICON_NAME = AppIcon;
				CODE_SIGN_STYLE = Automatic;
				DEVELOPMENT_TEAM = DC79VX4KR8;
				INFOPLIST_FILE = TheDogApp/Info.plist;
				LD_RUNPATH_SEARCH_PATHS = (
					"$(inherited)",
					"@executable_path/Frameworks",
				);
				PRODUCT_BUNDLE_IDENTIFIER = com.Mohammed.TheDogApp;
				PRODUCT_NAME = "$(TARGET_NAME)";
				SWIFT_VERSION = 5.0;
				TARGETED_DEVICE_FAMILY = "1,2";
			};
			name = Release;
		};
/* End XCBuildConfiguration section */

/* Begin XCConfigurationList section */
		73CAE7972354DCEF0030A788 /* Build configuration list for PBXProject "TheDogApp" */ = {
			isa = XCConfigurationList;
			buildConfigurations = (
				73CAE7AE2354DCF10030A788 /* Debug */,
				73CAE7AF2354DCF10030A788 /* Release */,
			);
			defaultConfigurationIsVisible = 0;
			defaultConfigurationName = Release;
		};
		73CAE7B02354DCF10030A788 /* Build configuration list for PBXNativeTarget "TheDogApp" */ = {
			isa = XCConfigurationList;
			buildConfigurations = (
				73CAE7B12354DCF10030A788 /* Debug */,
				73CAE7B22354DCF10030A788 /* Release */,
			);
			defaultConfigurationIsVisible = 0;
			defaultConfigurationName = Release;
		};
/* End XCConfigurationList section */
	};
	rootObject = 73CAE7942354DCEF0030A788 /* Project object */;
}
